
Microsoft Visual Studio Solution File, Format Version 12.00
Project("{FAE04EC0-301F-11D3-BF4B-00C04F79EFBC}") = "RealRobot", "RealRobot.csproj", "{20B31253-F2C3-4946-BFCF-81BEF7931CCA}"
EndProject
Global
	GlobalSection(SolutionConfigurationPlatforms) = preSolution
		Debug|Any CPU = Debug|Any CPU
		Release|Any CPU = Release|Any CPU
	EndGlobalSection
	GlobalSection(ProjectConfigurationPlatforms) = postSolution
		{20B31253-F2C3-4946-BFCF-81BEF7931CCA}.Debug|Any CPU.ActiveCfg = Debug|Any CPU
		{20B31253-F2C3-4946-BFCF-81BEF7931CCA}.Debug|Any CPU.Build.0 = Debug|Any CPU
		{20B31253-F2C3-4946-BFCF-81BEF7931CCA}.Release|Any CPU.ActiveCfg = Release|Any CPU
		{20B31253-F2C3-4946-BFCF-81BEF7931CCA}.Release|Any CPU.Build.0 = Release|Any CPU
	EndGlobalSection
EndGlobal
